{
  "version": 4,
  "terraform_version": "1.2.2",
  "serial": 384,
  "lineage": "f24f0fe0-75d7-31e1-f247-de3c0988e4d2",
  "outputs": {},
  "resources": [
    {
      "mode": "managed",
      "type": "aws_instance",
      "name": "jenkins",
      "provider": "provider[\"registry.terraform.io/hashicorp/aws\"]",
      "instances": [
        {
          "schema_version": 1,
          "attributes": {
            "ami": "ami-05a36e1502605b4aa",
            "arn": "arn:aws:ec2:us-east-2:729855611727:instance/i-076ca63e242ad8af5",
            "associate_public_ip_address": true,
            "availability_zone": "us-east-2c",
            "capacity_reservation_specification": [
              {
                "capacity_reservation_preference": "open",
                "capacity_reservation_target": []
              }
            ],
            "cpu_core_count": 2,
            "cpu_threads_per_core": 1,
            "credit_specification": [
              {
                "cpu_credits": "standard"
              }
            ],
            "disable_api_stop": false,
            "disable_api_termination": false,
            "ebs_block_device": [],
            "ebs_optimized": false,
            "enclave_options": [
              {
                "enabled": false
              }
            ],
            "ephemeral_block_device": [],
            "get_password_data": false,
            "hibernation": false,
            "host_id": null,
            "host_resource_group_arn": null,
            "iam_instance_profile": "",
            "id": "i-076ca63e242ad8af5",
            "instance_initiated_shutdown_behavior": "stop",
            "instance_state": "running",
            "instance_type": "t2.medium",
            "ipv6_address_count": 0,
            "ipv6_addresses": [],
            "key_name": "anael",
            "launch_template": [],
            "maintenance_options": [
              {
                "auto_recovery": "default"
              }
            ],
            "metadata_options": [
              {
                "http_endpoint": "enabled",
                "http_put_response_hop_limit": 1,
                "http_tokens": "optional",
                "instance_metadata_tags": "disabled"
              }
            ],
            "monitoring": false,
            "network_interface": [],
            "outpost_arn": "",
            "password_data": "",
            "placement_group": "",
            "placement_partition_number": null,
            "primary_network_interface_id": "eni-01733d0517f01bd85",
            "private_dns": "ip-10-0-1-169.us-east-2.compute.internal",
            "private_dns_name_options": [
              {
                "enable_resource_name_dns_a_record": false,
                "enable_resource_name_dns_aaaa_record": false,
                "hostname_type": "ip-name"
              }
            ],
            "private_ip": "10.0.1.169",
            "public_dns": "",
            "public_ip": "3.19.141.150",
            "root_block_device": [
              {
                "delete_on_termination": true,
                "device_name": "/dev/sda1",
                "encrypted": false,
                "iops": 100,
                "kms_key_id": "",
                "tags": {},
                "throughput": 0,
                "volume_id": "vol-0f539dd92c59df24a",
                "volume_size": 10,
                "volume_type": "gp2"
              }
            ],
            "secondary_private_ips": [],
            "security_groups": [],
            "source_dest_check": true,
            "subnet_id": "subnet-0957d8876e258478f",
            "tags": {
              "Name": "ec2-jenkins"
            },
            "tags_all": {
              "Name": "ec2-jenkins"
            },
            "tenancy": "default",
            "timeouts": null,
            "user_data": null,
            "user_data_base64": null,
            "user_data_replace_on_change": false,
            "volume_tags": null,
            "vpc_security_group_ids": [
              "sg-0d9e7ea3a40cf9c33"
            ]
          },
          "sensitive_attributes": [],
          "private": "eyJlMmJmYjczMC1lY2FhLTExZTYtOGY4OC0zNDM2M2JjN2M0YzAiOnsiY3JlYXRlIjo2MDAwMDAwMDAwMDAsImRlbGV0ZSI6MTIwMDAwMDAwMDAwMCwidXBkYXRlIjo2MDAwMDAwMDAwMDB9LCJzY2hlbWFfdmVyc2lvbiI6IjEifQ==",
          "dependencies": [
            "aws_key_pair.anael1",
            "aws_security_group.allow_ssh",
            "aws_subnet.jenkins",
            "aws_vpc.main",
            "tls_private_key.anael2"
          ]
        }
      ]
    },
    {
      "mode": "managed",
      "type": "aws_instance",
      "name": "slave",
      "provider": "provider[\"registry.terraform.io/hashicorp/aws\"]",
      "instances": [
        {
          "schema_version": 1,
          "attributes": {
            "ami": "ami-05a36e1502605b4aa",
            "arn": "arn:aws:ec2:us-east-2:729855611727:instance/i-0fbb1dbd8bcf5ee66",
            "associate_public_ip_address": true,
            "availability_zone": "us-east-2c",
            "capacity_reservation_specification": [
              {
                "capacity_reservation_preference": "open",
                "capacity_reservation_target": []
              }
            ],
            "cpu_core_count": 2,
            "cpu_threads_per_core": 1,
            "credit_specification": [
              {
                "cpu_credits": "standard"
              }
            ],
            "disable_api_stop": false,
            "disable_api_termination": false,
            "ebs_block_device": [],
            "ebs_optimized": false,
            "enclave_options": [
              {
                "enabled": false
              }
            ],
            "ephemeral_block_device": [],
            "get_password_data": false,
            "hibernation": false,
            "host_id": null,
            "host_resource_group_arn": null,
            "iam_instance_profile": "",
            "id": "i-0fbb1dbd8bcf5ee66",
            "instance_initiated_shutdown_behavior": "stop",
            "instance_state": "running",
            "instance_type": "t2.medium",
            "ipv6_address_count": 0,
            "ipv6_addresses": [],
            "key_name": "anael",
            "launch_template": [],
            "maintenance_options": [
              {
                "auto_recovery": "default"
              }
            ],
            "metadata_options": [
              {
                "http_endpoint": "enabled",
                "http_put_response_hop_limit": 1,
                "http_tokens": "optional",
                "instance_metadata_tags": "disabled"
              }
            ],
            "monitoring": false,
            "network_interface": [],
            "outpost_arn": "",
            "password_data": "",
            "placement_group": "",
            "placement_partition_number": null,
            "primary_network_interface_id": "eni-07b540d065c1e1f25",
            "private_dns": "ip-10-0-1-130.us-east-2.compute.internal",
            "private_dns_name_options": [
              {
                "enable_resource_name_dns_a_record": false,
                "enable_resource_name_dns_aaaa_record": false,
                "hostname_type": "ip-name"
              }
            ],
            "private_ip": "10.0.1.130",
            "public_dns": "",
            "public_ip": "3.20.239.39",
            "root_block_device": [
              {
                "delete_on_termination": true,
                "device_name": "/dev/sda1",
                "encrypted": false,
                "iops": 100,
                "kms_key_id": "",
                "tags": {},
                "throughput": 0,
                "volume_id": "vol-02b186aad793e0f6b",
                "volume_size": 10,
                "volume_type": "gp2"
              }
            ],
            "secondary_private_ips": [],
            "security_groups": [],
            "source_dest_check": true,
            "subnet_id": "subnet-0957d8876e258478f",
            "tags": {
              "Name": "ec2-slave"
            },
            "tags_all": {
              "Name": "ec2-slave"
            },
            "tenancy": "default",
            "timeouts": null,
            "user_data": null,
            "user_data_base64": null,
            "user_data_replace_on_change": false,
            "volume_tags": null,
            "vpc_security_group_ids": [
              "sg-0d9e7ea3a40cf9c33"
            ]
          },
          "sensitive_attributes": [],
          "private": "eyJlMmJmYjczMC1lY2FhLTExZTYtOGY4OC0zNDM2M2JjN2M0YzAiOnsiY3JlYXRlIjo2MDAwMDAwMDAwMDAsImRlbGV0ZSI6MTIwMDAwMDAwMDAwMCwidXBkYXRlIjo2MDAwMDAwMDAwMDB9LCJzY2hlbWFfdmVyc2lvbiI6IjEifQ==",
          "dependencies": [
            "aws_key_pair.anael1",
            "aws_security_group.allow_ssh",
            "aws_subnet.jenkins",
            "aws_vpc.main",
            "tls_private_key.anael2"
          ]
        }
      ]
    },
    {
      "mode": "managed",
      "type": "aws_instance",
      "name": "sonar",
      "provider": "provider[\"registry.terraform.io/hashicorp/aws\"]",
      "instances": [
        {
          "schema_version": 1,
          "attributes": {
            "ami": "ami-05a36e1502605b4aa",
            "arn": "arn:aws:ec2:us-east-2:729855611727:instance/i-0d76eaea36d35d583",
            "associate_public_ip_address": true,
            "availability_zone": "us-east-2c",
            "capacity_reservation_specification": [
              {
                "capacity_reservation_preference": "open",
                "capacity_reservation_target": []
              }
            ],
            "cpu_core_count": 2,
            "cpu_threads_per_core": 1,
            "credit_specification": [
              {
                "cpu_credits": "standard"
              }
            ],
            "disable_api_stop": false,
            "disable_api_termination": false,
            "ebs_block_device": [],
            "ebs_optimized": false,
            "enclave_options": [
              {
                "enabled": false
              }
            ],
            "ephemeral_block_device": [],
            "get_password_data": false,
            "hibernation": false,
            "host_id": null,
            "host_resource_group_arn": null,
            "iam_instance_profile": "",
            "id": "i-0d76eaea36d35d583",
            "instance_initiated_shutdown_behavior": "stop",
            "instance_state": "running",
            "instance_type": "t2.medium",
            "ipv6_address_count": 0,
            "ipv6_addresses": [],
            "key_name": "anael",
            "launch_template": [],
            "maintenance_options": [
              {
                "auto_recovery": "default"
              }
            ],
            "metadata_options": [
              {
                "http_endpoint": "enabled",
                "http_put_response_hop_limit": 1,
                "http_tokens": "optional",
                "instance_metadata_tags": "disabled"
              }
            ],
            "monitoring": false,
            "network_interface": [],
            "outpost_arn": "",
            "password_data": "",
            "placement_group": "",
            "placement_partition_number": null,
            "primary_network_interface_id": "eni-0e0d80a33d0b18a7f",
            "private_dns": "ip-10-0-1-122.us-east-2.compute.internal",
            "private_dns_name_options": [
              {
                "enable_resource_name_dns_a_record": false,
                "enable_resource_name_dns_aaaa_record": false,
                "hostname_type": "ip-name"
              }
            ],
            "private_ip": "10.0.1.122",
            "public_dns": "",
            "public_ip": "3.18.109.187",
            "root_block_device": [
              {
                "delete_on_termination": true,
                "device_name": "/dev/sda1",
                "encrypted": false,
                "iops": 100,
                "kms_key_id": "",
                "tags": {},
                "throughput": 0,
                "volume_id": "vol-09f56dfd403f8bcd2",
                "volume_size": 10,
                "volume_type": "gp2"
              }
            ],
            "secondary_private_ips": [],
            "security_groups": [],
            "source_dest_check": true,
            "subnet_id": "subnet-0957d8876e258478f",
            "tags": {
              "Name": "ec2-sonar"
            },
            "tags_all": {
              "Name": "ec2-sonar"
            },
            "tenancy": "default",
            "timeouts": null,
            "user_data": null,
            "user_data_base64": null,
            "user_data_replace_on_change": false,
            "volume_tags": null,
            "vpc_security_group_ids": [
              "sg-0d9e7ea3a40cf9c33"
            ]
          },
          "sensitive_attributes": [],
          "private": "eyJlMmJmYjczMC1lY2FhLTExZTYtOGY4OC0zNDM2M2JjN2M0YzAiOnsiY3JlYXRlIjo2MDAwMDAwMDAwMDAsImRlbGV0ZSI6MTIwMDAwMDAwMDAwMCwidXBkYXRlIjo2MDAwMDAwMDAwMDB9LCJzY2hlbWFfdmVyc2lvbiI6IjEifQ==",
          "dependencies": [
            "aws_key_pair.anael1",
            "aws_security_group.allow_ssh",
            "aws_subnet.jenkins",
            "aws_vpc.main",
            "tls_private_key.anael2"
          ]
        }
      ]
    },
    {
      "mode": "managed",
      "type": "aws_internet_gateway",
      "name": "jenkins_igw",
      "provider": "provider[\"registry.terraform.io/hashicorp/aws\"]",
      "instances": [
        {
          "schema_version": 0,
          "attributes": {
            "arn": "arn:aws:ec2:us-east-2:729855611727:internet-gateway/igw-057e1f9445918a1ca",
            "id": "igw-057e1f9445918a1ca",
            "owner_id": "729855611727",
            "tags": {
              "Name": "jenkins_igw"
            },
            "tags_all": {
              "Name": "jenkins_igw"
            },
            "timeouts": null,
            "vpc_id": "vpc-0b48264fb1b074914"
          },
          "sensitive_attributes": [],
          "private": "eyJlMmJmYjczMC1lY2FhLTExZTYtOGY4OC0zNDM2M2JjN2M0YzAiOnsiY3JlYXRlIjoxMjAwMDAwMDAwMDAwLCJkZWxldGUiOjEyMDAwMDAwMDAwMDAsInVwZGF0ZSI6MTIwMDAwMDAwMDAwMH19",
          "dependencies": [
            "aws_vpc.main"
          ]
        }
      ]
    },
    {
      "mode": "managed",
      "type": "aws_key_pair",
      "name": "anael1",
      "provider": "provider[\"registry.terraform.io/hashicorp/aws\"]",
      "instances": [
        {
          "schema_version": 1,
          "attributes": {
            "arn": "arn:aws:ec2:us-east-2:729855611727:key-pair/anael",
            "fingerprint": "bf:5e:40:41:a6:2d:af:e0:b9:7c:f9:13:f0:c6:ec:01",
            "id": "anael",
            "key_name": "anael",
            "key_name_prefix": "",
            "key_pair_id": "key-0471ef7fbeab02fe8",
            "key_type": "rsa",
            "public_key": "ssh-rsa AAAAB3NzaC1yc2EAAAADAQABAAACAQC2EvQ8oi5MU2Gc9P8qrfKqQ4z5kVHfFygT5ft8tAd/WxvEq3vudePnH18sTcdaU6q4q7JS7+zyI6iVE6UCc1eGFT/M6RtxE8j6RdWCYrf+z7IutuGGfu6F9OMGaUMWCkiecGvoEaKL36siSFegTZgP5CAmTbzWuytBUHE9EaU96ZEtGEVa9iiHHraucYd4oElDS5X1mZ27aDRU6Efgdl803Jok5Oo3Ap6nN4ZeL9guXKPG7Wn+LN8UCy5jrnQe/S4W9C5mU0SUdzjVbNlp+6elxiI67ZHyFmvhh7+w69lMZQHQ5MmXTQ7tPB1nzqcTsrX8Cc8D7vIkZnsjEUTEU4KmwSIhb5MBXu+O+k2hGjHn0aAS28fFkgCbcyV+Nhr2r57GUj8BsNa5l6rjM2cZRALm3wInPlJ4BCw3LJaK21XsHKmx6692y2n7RM0b3ZGZgzJ67nMb9suLM9tX+7D8xgLLiUytzVb/MFxUZsKlo5/WG7geMMd3PJGwqRBC+TVu3Zsv6hkA1GjyzbsCWbVyRhz/b/eQs9UsjkGil4Px/IVMqR2AtnVSx/c8eus3fbQhr1fbFEC+KPgIOTZBUAD4Fq8IXu9R6kVXs0Z5/E8d4hnl2DaOtNzVYMfD3DCOHmWIdl4dmXSc1dNy6/zJxPbuOUogwG8UhhM88E3vlGIhwFBurw==",
            "tags": null,
            "tags_all": {}
          },
          "sensitive_attributes": [],
          "private": "eyJzY2hlbWFfdmVyc2lvbiI6IjEifQ==",
          "dependencies": [
            "tls_private_key.anael2"
          ]
        }
      ]
    },
    {
      "mode": "managed",
      "type": "aws_route_table",
      "name": "public_rt",
      "provider": "provider[\"registry.terraform.io/hashicorp/aws\"]",
      "instances": [
        {
          "schema_version": 0,
          "attributes": {
            "arn": "arn:aws:ec2:us-east-2:729855611727:route-table/rtb-0ee42d8861621be8a",
            "id": "rtb-0ee42d8861621be8a",
            "owner_id": "729855611727",
            "propagating_vgws": [],
            "route": [
              {
                "carrier_gateway_id": "",
                "cidr_block": "0.0.0.0/0",
                "core_network_arn": "",
                "destination_prefix_list_id": "",
                "egress_only_gateway_id": "",
                "gateway_id": "igw-057e1f9445918a1ca",
                "instance_id": "",
                "ipv6_cidr_block": "",
                "local_gateway_id": "",
                "nat_gateway_id": "",
                "network_interface_id": "",
                "transit_gateway_id": "",
                "vpc_endpoint_id": "",
                "vpc_peering_connection_id": ""
              }
            ],
            "tags": {
              "Name": "public route"
            },
            "tags_all": {
              "Name": "public route"
            },
            "timeouts": null,
            "vpc_id": "vpc-0b48264fb1b074914"
          },
          "sensitive_attributes": [],
          "private": "eyJlMmJmYjczMC1lY2FhLTExZTYtOGY4OC0zNDM2M2JjN2M0YzAiOnsiY3JlYXRlIjozMDAwMDAwMDAwMDAsImRlbGV0ZSI6MzAwMDAwMDAwMDAwLCJ1cGRhdGUiOjEyMDAwMDAwMDAwMH19",
          "dependencies": [
            "aws_internet_gateway.jenkins_igw",
            "aws_vpc.main"
          ]
        }
      ]
    },
    {
      "mode": "managed",
      "type": "aws_route_table_association",
      "name": "a",
      "provider": "provider[\"registry.terraform.io/hashicorp/aws\"]",
      "instances": [
        {
          "schema_version": 0,
          "attributes": {
            "gateway_id": "",
            "id": "rtbassoc-027d2377ecb737ebc",
            "route_table_id": "rtb-0ee42d8861621be8a",
            "subnet_id": "subnet-0957d8876e258478f"
          },
          "sensitive_attributes": [],
          "private": "bnVsbA==",
          "dependencies": [
            "aws_internet_gateway.jenkins_igw",
            "aws_route_table.public_rt",
            "aws_subnet.jenkins",
            "aws_vpc.main"
          ]
        }
      ]
    },
    {
      "mode": "managed",
      "type": "aws_security_group",
      "name": "allow_ssh",
      "provider": "provider[\"registry.terraform.io/hashicorp/aws\"]",
      "instances": [
        {
          "schema_version": 1,
          "attributes": {
            "arn": "arn:aws:ec2:us-east-2:729855611727:security-group/sg-0d9e7ea3a40cf9c33",
            "description": "Allow TLS inbound traffic",
            "egress": [
              {
                "cidr_blocks": [
                  "0.0.0.0/0"
                ],
                "description": "",
                "from_port": 0,
                "ipv6_cidr_blocks": [
                  "::/0"
                ],
                "prefix_list_ids": [],
                "protocol": "-1",
                "security_groups": [],
                "self": false,
                "to_port": 0
              }
            ],
            "id": "sg-0d9e7ea3a40cf9c33",
            "ingress": [
              {
                "cidr_blocks": [
                  "0.0.0.0/0"
                ],
                "description": "Http port",
                "from_port": 80,
                "ipv6_cidr_blocks": [],
                "prefix_list_ids": [],
                "protocol": "tcp",
                "security_groups": [],
                "self": false,
                "to_port": 80
              },
              {
                "cidr_blocks": [
                  "0.0.0.0/0"
                ],
                "description": "Jenkins port",
                "from_port": 8080,
                "ipv6_cidr_blocks": [],
                "prefix_list_ids": [],
                "protocol": "tcp",
                "security_groups": [],
                "self": false,
                "to_port": 8080
              },
              {
                "cidr_blocks": [
                  "0.0.0.0/0"
                ],
                "description": "Open ssh",
                "from_port": 22,
                "ipv6_cidr_blocks": [],
                "prefix_list_ids": [],
                "protocol": "tcp",
                "security_groups": [],
                "self": false,
                "to_port": 22
              },
              {
                "cidr_blocks": [
                  "0.0.0.0/0"
                ],
                "description": "Sonar port",
                "from_port": 9000,
                "ipv6_cidr_blocks": [],
                "prefix_list_ids": [],
                "protocol": "tcp",
                "security_groups": [],
                "self": false,
                "to_port": 9000
              }
            ],
            "name": "allow_tls",
            "name_prefix": "",
            "owner_id": "729855611727",
            "revoke_rules_on_delete": false,
            "tags": {
              "Name": "allow_ssh"
            },
            "tags_all": {
              "Name": "allow_ssh"
            },
            "timeouts": null,
            "vpc_id": "vpc-0b48264fb1b074914"
          },
          "sensitive_attributes": [],
          "private": "eyJlMmJmYjczMC1lY2FhLTExZTYtOGY4OC0zNDM2M2JjN2M0YzAiOnsiY3JlYXRlIjo2MDAwMDAwMDAwMDAsImRlbGV0ZSI6OTAwMDAwMDAwMDAwfSwic2NoZW1hX3ZlcnNpb24iOiIxIn0=",
          "dependencies": [
            "aws_vpc.main"
          ]
        }
      ]
    },
    {
      "mode": "managed",
      "type": "aws_subnet",
      "name": "jenkins",
      "provider": "provider[\"registry.terraform.io/hashicorp/aws\"]",
      "instances": [
        {
          "schema_version": 1,
          "attributes": {
            "arn": "arn:aws:ec2:us-east-2:729855611727:subnet/subnet-0957d8876e258478f",
            "assign_ipv6_address_on_creation": false,
            "availability_zone": "us-east-2c",
            "availability_zone_id": "use2-az3",
            "cidr_block": "10.0.1.0/24",
            "customer_owned_ipv4_pool": "",
            "enable_dns64": false,
            "enable_resource_name_dns_a_record_on_launch": false,
            "enable_resource_name_dns_aaaa_record_on_launch": false,
            "id": "subnet-0957d8876e258478f",
            "ipv6_cidr_block": "",
            "ipv6_cidr_block_association_id": "",
            "ipv6_native": false,
            "map_customer_owned_ip_on_launch": false,
            "map_public_ip_on_launch": true,
            "outpost_arn": "",
            "owner_id": "729855611727",
            "private_dns_hostname_type_on_launch": "ip-name",
            "tags": {
              "Name": "Subnet-jenkins"
            },
            "tags_all": {
              "Name": "Subnet-jenkins"
            },
            "timeouts": null,
            "vpc_id": "vpc-0b48264fb1b074914"
          },
          "sensitive_attributes": [],
          "private": "eyJlMmJmYjczMC1lY2FhLTExZTYtOGY4OC0zNDM2M2JjN2M0YzAiOnsiY3JlYXRlIjo2MDAwMDAwMDAwMDAsImRlbGV0ZSI6MTIwMDAwMDAwMDAwMH0sInNjaGVtYV92ZXJzaW9uIjoiMSJ9",
          "dependencies": [
            "aws_vpc.main"
          ]
        }
      ]
    },
    {
      "mode": "managed",
      "type": "aws_subnet",
      "name": "sonar",
      "provider": "provider[\"registry.terraform.io/hashicorp/aws\"]",
      "instances": [
        {
          "schema_version": 1,
          "attributes": {
            "arn": "arn:aws:ec2:us-east-2:729855611727:subnet/subnet-004919cb3f363ca75",
            "assign_ipv6_address_on_creation": false,
            "availability_zone": "us-east-2c",
            "availability_zone_id": "use2-az3",
            "cidr_block": "10.0.2.0/24",
            "customer_owned_ipv4_pool": "",
            "enable_dns64": false,
            "enable_resource_name_dns_a_record_on_launch": false,
            "enable_resource_name_dns_aaaa_record_on_launch": false,
            "id": "subnet-004919cb3f363ca75",
            "ipv6_cidr_block": "",
            "ipv6_cidr_block_association_id": "",
            "ipv6_native": false,
            "map_customer_owned_ip_on_launch": false,
            "map_public_ip_on_launch": true,
            "outpost_arn": "",
            "owner_id": "729855611727",
            "private_dns_hostname_type_on_launch": "ip-name",
            "tags": {
              "Name": "Subnet-sonar"
            },
            "tags_all": {
              "Name": "Subnet-sonar"
            },
            "timeouts": null,
            "vpc_id": "vpc-0b48264fb1b074914"
          },
          "sensitive_attributes": [],
          "private": "eyJlMmJmYjczMC1lY2FhLTExZTYtOGY4OC0zNDM2M2JjN2M0YzAiOnsiY3JlYXRlIjo2MDAwMDAwMDAwMDAsImRlbGV0ZSI6MTIwMDAwMDAwMDAwMH0sInNjaGVtYV92ZXJzaW9uIjoiMSJ9",
          "dependencies": [
            "aws_vpc.main"
          ]
        }
      ]
    },
    {
      "mode": "managed",
      "type": "aws_vpc",
      "name": "main",
      "provider": "provider[\"registry.terraform.io/hashicorp/aws\"]",
      "instances": [
        {
          "schema_version": 1,
          "attributes": {
            "arn": "arn:aws:ec2:us-east-2:729855611727:vpc/vpc-0b48264fb1b074914",
            "assign_generated_ipv6_cidr_block": false,
            "cidr_block": "10.0.0.0/16",
            "default_network_acl_id": "acl-0871df1d8f6506b73",
            "default_route_table_id": "rtb-046b24056d60308c1",
            "default_security_group_id": "sg-0f8f66ec8fefab78a",
            "dhcp_options_id": "dopt-0b1f95f4d053dd89a",
            "enable_classiclink": false,
            "enable_classiclink_dns_support": false,
            "enable_dns_hostnames": false,
            "enable_dns_support": true,
            "enable_network_address_usage_metrics": false,
            "id": "vpc-0b48264fb1b074914",
            "instance_tenancy": "default",
            "ipv4_ipam_pool_id": null,
            "ipv4_netmask_length": null,
            "ipv6_association_id": "",
            "ipv6_cidr_block": "",
            "ipv6_cidr_block_network_border_group": "",
            "ipv6_ipam_pool_id": "",
            "ipv6_netmask_length": 0,
            "main_route_table_id": "rtb-046b24056d60308c1",
            "owner_id": "729855611727",
            "tags": {
              "Name": "main"
            },
            "tags_all": {
              "Name": "main"
            }
          },
          "sensitive_attributes": [],
          "private": "eyJzY2hlbWFfdmVyc2lvbiI6IjEifQ=="
        }
      ]
    },
    {
      "mode": "managed",
      "type": "local_file",
      "name": "ssh_key",
      "provider": "provider[\"registry.terraform.io/hashicorp/local\"]",
      "instances": [
        {
          "schema_version": 0,
          "attributes": {
            "content": "-----BEGIN RSA PRIVATE KEY-----\nMIIJJwIBAAKCAgEAthL0PKIuTFNhnPT/Kq3yqkOM+ZFR3xcoE+X7fLQHf1sbxKt7\n7nXj5x9fLE3HWlOquKuyUu/s8iOolROlAnNXhhU/zOkbcRPI+kXVgmK3/s+yLrbh\nhn7uhfTjBmlDFgpInnBr6BGii9+rIkhXoE2YD+QgJk281rsrQVBxPRGlPemRLRhF\nWvYohx62rnGHeKBJQ0uV9Zmdu2g0VOhH4HZfNNyaJOTqNwKepzeGXi/YLlyjxu1p\n/izfFAsuY650Hv0uFvQuZlNElHc41WzZafunpcYiOu2R8hZr4Ye/sOvZTGUB0OTJ\nl00O7TwdZ86nE7K1/AnPA+7yJGZ7IxFExFOCpsEiIW+TAV7vjvpNoRox59GgEtvH\nxZIAm3MlfjYa9q+exlI/AbDWuZeq4zNnGUQC5t8CJz5SeAQsNyyWittV7Bypseuv\ndstp+0TNG92RmYMyeu5zG/bLizPbV/uw/MYCy4lMrc1W/zBcVGbCpaOf1hu4HjDH\ndzyRsKkQQvk1bt2bL+oZANRo8s27Alm1ckYc/2/3kLPVLI5BopeD8fyFTKkdgLZ1\nUsf3PHrrN320Ia9X2xRAvij4CDk2QVAA+BavCF7vUepFV7NGefxPHeIZ5dg2jrTc\n1WDHw9wwjh5liHZeHZl0nNXTcuv8ycT27jlKIMBvFIYTPPBN75RiIcBQbq8CAwEA\nAQKCAgAkx8ls4jpGEuX6JgfR4FfQC1tUIwYN8giXlHLsKxYEpSwD27xqXIhQbSb1\ntTSbS6GGMrEQTgVomMl6bAB+cTxyCqLbyw9PFXcZD7hk4XpX0C8nfqwqVkPq7aBa\n8DKsJiGrV/yEYeObK/DPORvydxpLw4K3GicWnbLMO+rUMldWHXPFT0zbZjSjrxGq\nRabfOEn0fTVq6sBRVmiT6mRytJbg/9tnrpKd0Dqqfu324uVh4Db5fYZW4UujKesS\nGfC9PdnsqyEgbJvC/h6OBrIY1cx1EYRisRE1fVAHvDt+CvbXluP6Be2vUdK9G9K4\n4KchtI1Mv9KA8ekab1VarSdeHZybqdJvCnuFO32VSNwFzobMzsHh+YGsP4YPkTau\nKJe0eBrZEpPGLL5MigvsfENsYXOp1csrD9NDWCHvUJZS42APRUXSMjlytqiUH8tu\nX02LPiixrvn0MWYc5Ub+2A+ywwJnnM3M80JGR0lFNThStBCwOAR5rE7isZK0t9Zo\n1d3AdzwswAVyI6/mhefTEae0GFswZ0SqFr8AukLjLo9chHx1w68V+hwLSjM09eqo\n1OnkWYNauS3tJIrGNUbURbLypzVzKWhUGVK9Svw4Rd/yHNJMKkWBc/5D1vRUfZsS\ncL+IWU8KNNrkVjU7auO6p8yjxWqJMHZSiQKuDo0Tkq/UziLXGQKCAQEA3Nh7G+2Q\nLL5NQ4UadtFuhrtwcpiJS775JidBdCBvXd16nZEtN4wp5eaddE2lHXZ3r8oOaJPT\nmz3f7JX8ta3MmpKkSeWdAKNgyu0Ted9BD99E4/B51uL1WVQQI8evMo4e+CT9dai3\n8pATMG0OqlCPYiG2y0OECIDK1+rOZaSubCfoK2TSb/BBi6LRBFYn5aTEAr2hfgul\nI/dt7GG+T2deGfTCkMrYxEiCkdSvTBsggKTdaCBF2QfQcWu0jHU8nAperYbf1zw5\n+ODf1x99iYyfXsNMli1RRtxBlXxQswf8WfEzVHXFVex9gBcj7x26gIqdB/APFoa7\n4laWQo3bnREQUwKCAQEA0w6FOUeCbMlYVFpe3v/1E3Xg3Ho1gLSg02r2BLZsVC90\nPzEI9pWo9f9RF/Qt4g6G3PrIZNmiFPIkOrru/dzSnlvTQNcxwM/K6FXoHxdeqdFA\nX4+CIn5muOdh2a4KBNMBoCcETUD+30nMkCmyWOc9HshvJ6B4xe9mlvCnIwh/h54D\nz5m0vfYgUC8vRkZK+aGKSuvnSx0ru/naTIcFwRefi9YLuP4es4WX/ckmpdYpbw7M\nKOn98JwHvy+EHC52z6Bh3AlCkg/uG1xudioTsciGBgQOwGyTQc76fo6l9Sj3+Y29\nMovXkzVqVFeM5mUhqPac28uYVL5uMlsCJ2V74BQMtQKCAQB2aunQNtj49O2vB78B\n+Rify//mop3z7Knh6GizYPT2St0FgiPRxiltKfRBuaSQoMZajyicsK9lbY8VZ/NC\nY7fzJjBLo4BFKFWtWeP4lFpprVleM8LRE49lX6rr1JW/sO8wNX1mypofyVtQuxmC\n/4FyqAtBAKnaeVzK3A/h9qTEP73BDuW7ugMbYalb/uqTu36SzaW7VXkuSO07M8n8\n/7s4hcKSKwKCdTL2CSoZz+3krQI/ZBav4f3F42/DZNWkAfd0an66BYQ8TDAaRLtm\ntu15vZTibdhH+7B6/Fa1ONH6VFgmsKOoiA9fUIknHTS02h6LdBBTDtnN6onVlAUv\nOkgbAoIBAC6kL9bXsb/+wvFpQzv+zpctXrL6ouY9hKkUIygpdEkqb4Mjf/qWWk96\ny94CTT1+vlkJZs26trHwTQdZlkUtzrHGUyoqJEma4hl0Gqb8UCQxJQu5OCYNTwAf\nyiUD7Bzi0KIm3TGBYpHPylA1lr9E4uHxo3bbZLVBUaebqSP51c0Po4H2UtYEFWIC\n+2yJTjpac6hY97VGzgptjcuJr0Dbyptpgw+vwPMlW9Bu6oaNjHyJhZ6pD0BkCuY6\nRvS/Y+xAYj/xH/ANay5Kv/KHG/EXAl9D+EqX8/cAGaVsOsqx8hMJOr133/0dOdFH\nw9CKmuSvEz0TgieAKfQg3pn8OGLtq10CggEAXpb6Q9tXHDZS8VHfWLKfxfIGk7vs\nitzmuw1E+6EFxOKqsdc/NWzxqYFOKT4dVbJLij8qvgnvvnlbp+PZHfuzVp97qqeg\nf7BWrk8SkNl1m9nIHT9vCWXnLDI8ptBS2sVGXu9zIMXmhzKKoMFnITuOqDlXuEcH\ngA3y3IQSTZ2hUDxgLwsIyDBW0H6cQxoJG5kXlfTgEXrlsyaEULppxd4TMmfrfO8J\n+VNEpm/9HEueSEk07vG0NmIMgL8xqQOtUsqrarWAI+FXVnVz7jyrtN7LDT8inq/n\nEAIgIX9Ss+HNbeVtWcyMR1miLO2XQ4VZWek6QFb2OFj9CPMGjRQ1UvyKlQ==\n-----END RSA PRIVATE KEY-----\n",
            "content_base64": null,
            "directory_permission": "0777",
            "file_permission": "0777",
            "filename": "anael.pem",
            "id": "2b7e24be6efcfd9afb2fd49a2fb6ebdbfa6216db",
            "sensitive_content": null,
            "source": null
          },
          "sensitive_attributes": [
            [
              {
                "type": "get_attr",
                "value": "content"
              }
            ]
          ],
          "private": "bnVsbA==",
          "dependencies": [
            "aws_key_pair.anael1",
            "tls_private_key.anael2"
          ]
        }
      ]
    },
    {
      "mode": "managed",
      "type": "tls_private_key",
      "name": "anael2",
      "provider": "provider[\"registry.terraform.io/hashicorp/tls\"]",
      "instances": [
        {
          "schema_version": 1,
          "attributes": {
            "algorithm": "RSA",
            "ecdsa_curve": "P224",
            "id": "bfb09a75df8e0b099f19c422ee2d9abadcc648ba",
            "private_key_openssh": "-----BEGIN OPENSSH PRIVATE KEY-----\nb3BlbnNzaC1rZXktdjEAAAAABG5vbmUAAAAEbm9uZQAAAAAAAAABAAACFwAAAAdz\nc2gtcnNhAAAAAwEAAQAAAgEAthL0PKIuTFNhnPT/Kq3yqkOM+ZFR3xcoE+X7fLQH\nf1sbxKt77nXj5x9fLE3HWlOquKuyUu/s8iOolROlAnNXhhU/zOkbcRPI+kXVgmK3\n/s+yLrbhhn7uhfTjBmlDFgpInnBr6BGii9+rIkhXoE2YD+QgJk281rsrQVBxPRGl\nPemRLRhFWvYohx62rnGHeKBJQ0uV9Zmdu2g0VOhH4HZfNNyaJOTqNwKepzeGXi/Y\nLlyjxu1p/izfFAsuY650Hv0uFvQuZlNElHc41WzZafunpcYiOu2R8hZr4Ye/sOvZ\nTGUB0OTJl00O7TwdZ86nE7K1/AnPA+7yJGZ7IxFExFOCpsEiIW+TAV7vjvpNoRox\n59GgEtvHxZIAm3MlfjYa9q+exlI/AbDWuZeq4zNnGUQC5t8CJz5SeAQsNyyWittV\n7Bypseuvdstp+0TNG92RmYMyeu5zG/bLizPbV/uw/MYCy4lMrc1W/zBcVGbCpaOf\n1hu4HjDHdzyRsKkQQvk1bt2bL+oZANRo8s27Alm1ckYc/2/3kLPVLI5BopeD8fyF\nTKkdgLZ1Usf3PHrrN320Ia9X2xRAvij4CDk2QVAA+BavCF7vUepFV7NGefxPHeIZ\n5dg2jrTc1WDHw9wwjh5liHZeHZl0nNXTcuv8ycT27jlKIMBvFIYTPPBN75RiIcBQ\nbq8AAAc4bsyHum7Mh7oAAAAHc3NoLXJzYQAAAgEAthL0PKIuTFNhnPT/Kq3yqkOM\n+ZFR3xcoE+X7fLQHf1sbxKt77nXj5x9fLE3HWlOquKuyUu/s8iOolROlAnNXhhU/\nzOkbcRPI+kXVgmK3/s+yLrbhhn7uhfTjBmlDFgpInnBr6BGii9+rIkhXoE2YD+Qg\nJk281rsrQVBxPRGlPemRLRhFWvYohx62rnGHeKBJQ0uV9Zmdu2g0VOhH4HZfNNya\nJOTqNwKepzeGXi/YLlyjxu1p/izfFAsuY650Hv0uFvQuZlNElHc41WzZafunpcYi\nOu2R8hZr4Ye/sOvZTGUB0OTJl00O7TwdZ86nE7K1/AnPA+7yJGZ7IxFExFOCpsEi\nIW+TAV7vjvpNoRox59GgEtvHxZIAm3MlfjYa9q+exlI/AbDWuZeq4zNnGUQC5t8C\nJz5SeAQsNyyWittV7Bypseuvdstp+0TNG92RmYMyeu5zG/bLizPbV/uw/MYCy4lM\nrc1W/zBcVGbCpaOf1hu4HjDHdzyRsKkQQvk1bt2bL+oZANRo8s27Alm1ckYc/2/3\nkLPVLI5BopeD8fyFTKkdgLZ1Usf3PHrrN320Ia9X2xRAvij4CDk2QVAA+BavCF7v\nUepFV7NGefxPHeIZ5dg2jrTc1WDHw9wwjh5liHZeHZl0nNXTcuv8ycT27jlKIMBv\nFIYTPPBN75RiIcBQbq8AAAADAQABAAACACTHyWziOkYS5fomB9HgV9ALW1QjBg3y\nCJeUcuwrFgSlLAPbvGpciFBtJvW1NJtLoYYysRBOBWiYyXpsAH5xPHIKotvLD08V\ndxkPuGThelfQLyd+rCpWQ+rtoFrwMqwmIatX/IRh45sr8M85G/J3GkvDgrcaJxad\nssw76tQyV1Ydc8VPTNtmNKOvEapFpt84SfR9NWrqwFFWaJPqZHK0luD/22eukp3Q\nOqp+7fbi5WHgNvl9hlbhS6Mp6xIZ8L092eyrISBsm8L+Ho4GshjVzHURhGKxETV9\nUAe8O34K9teW4/oF7a9R0r0b0rjgpyG0jUy/0oDx6RpvVVqtJ14dnJup0m8Ke4U7\nfZVI3AXOhszOweH5gaw/hg+RNq4ol7R4GtkSk8YsvkyKC+x8Q2xhc6nVyysP00NY\nIe9QllLjYA9FRdIyOXK2qJQfy25fTYs+KLGu+fQxZhzlRv7YD7LDAmeczczzQkZH\nSUU1OFK0ELA4BHmsTuKxkrS31mjV3cB3PCzABXIjr+aF59MRp7QYWzBnRKoWvwC6\nQuMuj1yEfHXDrxX6HAtKMzT16qjU6eRZg1q5Le0kisY1RtRFsvKnNXMpaFQZUr1K\n/DhF3/Ic0kwqRYFz/kPW9FR9mxJwv4hZTwo02uRWNTtq47qnzKPFaokwdlKJAq4O\njROSr9TOItcZAAABAF6W+kPbVxw2UvFR31iyn8XyBpO77Irc5rsNRPuhBcTiqrHX\nPzVs8amBTik+HVWyS4o/Kr4J7755W6fj2R37s1afe6qnoH+wVq5PEpDZdZvZyB0/\nbwll5ywyPKbQUtrFRl7vcyDF5ocyiqDBZyE7jqg5V7hHB4AN8tyEEk2doVA8YC8L\nCMgwVtB+nEMaCRuZF5X04BF65bMmhFC6acXeEzJn63zvCflTRKZv/RxLnkhJNO7x\ntDZiDIC/MakDrVLKq2q1gCPhV1Z1c+48q7Teyw0/Ip6v5xACICF/UrPhzW3lbVnM\njEdZoiztl0OFWVnpOkBW9jhY/QjzBo0UNVL8ipUAAAEBANzYexvtkCy+TUOFGnbR\nboa7cHKYiUu++SYnQXQgb13dep2RLTeMKeXmnXRNpR12d6/KDmiT05s93+yV/LWt\nzJqSpEnlnQCjYMrtE3nfQQ/fROPwedbi9VlUECPHrzKOHvgk/XWot/KQEzBtDqpQ\nj2IhtstDhAiAytfqzmWkrmwn6Ctk0m/wQYui0QRWJ+WkxAK9oX4LpSP3bexhvk9n\nXhn0wpDK2MRIgpHUr0wbIICk3WggRdkH0HFrtIx1PJwKXq2G39c8Ofjg39cffYmM\nn17DTJYtUUbcQZV8ULMH/FnxM1R1xVXsfYAXI+8duoCKnQfwDxaGu+JWlkKN250R\nEFMAAAEBANMOhTlHgmzJWFRaXt7/9RN14Nx6NYC0oNNq9gS2bFQvdD8xCPaVqPX/\nURf0LeIOhtz6yGTZohTyJDq67v3c0p5b00DXMcDPyuhV6B8XXqnRQF+PgiJ+Zrjn\nYdmuCgTTAaAnBE1A/t9JzJApsljnPR7IbyegeMXvZpbwpyMIf4eeA8+ZtL32IFAv\nL0ZGSvmhikrr50sdK7v52kyHBcEXn4vWC7j+HrOFl/3JJqXWKW8OzCjp/fCcB78v\nhBwuds+gYdwJQpIP7htcbnYqE7HIhgYEDsBsk0HO+n6OpfUo9/mNvTKL15M1alRX\njOZlIaj2nNvLmFS+bjJbAidle+AUDLUAAAAAAQID\n-----END OPENSSH PRIVATE KEY-----\n",
            "private_key_pem": "-----BEGIN RSA PRIVATE KEY-----\nMIIJJwIBAAKCAgEAthL0PKIuTFNhnPT/Kq3yqkOM+ZFR3xcoE+X7fLQHf1sbxKt7\n7nXj5x9fLE3HWlOquKuyUu/s8iOolROlAnNXhhU/zOkbcRPI+kXVgmK3/s+yLrbh\nhn7uhfTjBmlDFgpInnBr6BGii9+rIkhXoE2YD+QgJk281rsrQVBxPRGlPemRLRhF\nWvYohx62rnGHeKBJQ0uV9Zmdu2g0VOhH4HZfNNyaJOTqNwKepzeGXi/YLlyjxu1p\n/izfFAsuY650Hv0uFvQuZlNElHc41WzZafunpcYiOu2R8hZr4Ye/sOvZTGUB0OTJ\nl00O7TwdZ86nE7K1/AnPA+7yJGZ7IxFExFOCpsEiIW+TAV7vjvpNoRox59GgEtvH\nxZIAm3MlfjYa9q+exlI/AbDWuZeq4zNnGUQC5t8CJz5SeAQsNyyWittV7Bypseuv\ndstp+0TNG92RmYMyeu5zG/bLizPbV/uw/MYCy4lMrc1W/zBcVGbCpaOf1hu4HjDH\ndzyRsKkQQvk1bt2bL+oZANRo8s27Alm1ckYc/2/3kLPVLI5BopeD8fyFTKkdgLZ1\nUsf3PHrrN320Ia9X2xRAvij4CDk2QVAA+BavCF7vUepFV7NGefxPHeIZ5dg2jrTc\n1WDHw9wwjh5liHZeHZl0nNXTcuv8ycT27jlKIMBvFIYTPPBN75RiIcBQbq8CAwEA\nAQKCAgAkx8ls4jpGEuX6JgfR4FfQC1tUIwYN8giXlHLsKxYEpSwD27xqXIhQbSb1\ntTSbS6GGMrEQTgVomMl6bAB+cTxyCqLbyw9PFXcZD7hk4XpX0C8nfqwqVkPq7aBa\n8DKsJiGrV/yEYeObK/DPORvydxpLw4K3GicWnbLMO+rUMldWHXPFT0zbZjSjrxGq\nRabfOEn0fTVq6sBRVmiT6mRytJbg/9tnrpKd0Dqqfu324uVh4Db5fYZW4UujKesS\nGfC9PdnsqyEgbJvC/h6OBrIY1cx1EYRisRE1fVAHvDt+CvbXluP6Be2vUdK9G9K4\n4KchtI1Mv9KA8ekab1VarSdeHZybqdJvCnuFO32VSNwFzobMzsHh+YGsP4YPkTau\nKJe0eBrZEpPGLL5MigvsfENsYXOp1csrD9NDWCHvUJZS42APRUXSMjlytqiUH8tu\nX02LPiixrvn0MWYc5Ub+2A+ywwJnnM3M80JGR0lFNThStBCwOAR5rE7isZK0t9Zo\n1d3AdzwswAVyI6/mhefTEae0GFswZ0SqFr8AukLjLo9chHx1w68V+hwLSjM09eqo\n1OnkWYNauS3tJIrGNUbURbLypzVzKWhUGVK9Svw4Rd/yHNJMKkWBc/5D1vRUfZsS\ncL+IWU8KNNrkVjU7auO6p8yjxWqJMHZSiQKuDo0Tkq/UziLXGQKCAQEA3Nh7G+2Q\nLL5NQ4UadtFuhrtwcpiJS775JidBdCBvXd16nZEtN4wp5eaddE2lHXZ3r8oOaJPT\nmz3f7JX8ta3MmpKkSeWdAKNgyu0Ted9BD99E4/B51uL1WVQQI8evMo4e+CT9dai3\n8pATMG0OqlCPYiG2y0OECIDK1+rOZaSubCfoK2TSb/BBi6LRBFYn5aTEAr2hfgul\nI/dt7GG+T2deGfTCkMrYxEiCkdSvTBsggKTdaCBF2QfQcWu0jHU8nAperYbf1zw5\n+ODf1x99iYyfXsNMli1RRtxBlXxQswf8WfEzVHXFVex9gBcj7x26gIqdB/APFoa7\n4laWQo3bnREQUwKCAQEA0w6FOUeCbMlYVFpe3v/1E3Xg3Ho1gLSg02r2BLZsVC90\nPzEI9pWo9f9RF/Qt4g6G3PrIZNmiFPIkOrru/dzSnlvTQNcxwM/K6FXoHxdeqdFA\nX4+CIn5muOdh2a4KBNMBoCcETUD+30nMkCmyWOc9HshvJ6B4xe9mlvCnIwh/h54D\nz5m0vfYgUC8vRkZK+aGKSuvnSx0ru/naTIcFwRefi9YLuP4es4WX/ckmpdYpbw7M\nKOn98JwHvy+EHC52z6Bh3AlCkg/uG1xudioTsciGBgQOwGyTQc76fo6l9Sj3+Y29\nMovXkzVqVFeM5mUhqPac28uYVL5uMlsCJ2V74BQMtQKCAQB2aunQNtj49O2vB78B\n+Rify//mop3z7Knh6GizYPT2St0FgiPRxiltKfRBuaSQoMZajyicsK9lbY8VZ/NC\nY7fzJjBLo4BFKFWtWeP4lFpprVleM8LRE49lX6rr1JW/sO8wNX1mypofyVtQuxmC\n/4FyqAtBAKnaeVzK3A/h9qTEP73BDuW7ugMbYalb/uqTu36SzaW7VXkuSO07M8n8\n/7s4hcKSKwKCdTL2CSoZz+3krQI/ZBav4f3F42/DZNWkAfd0an66BYQ8TDAaRLtm\ntu15vZTibdhH+7B6/Fa1ONH6VFgmsKOoiA9fUIknHTS02h6LdBBTDtnN6onVlAUv\nOkgbAoIBAC6kL9bXsb/+wvFpQzv+zpctXrL6ouY9hKkUIygpdEkqb4Mjf/qWWk96\ny94CTT1+vlkJZs26trHwTQdZlkUtzrHGUyoqJEma4hl0Gqb8UCQxJQu5OCYNTwAf\nyiUD7Bzi0KIm3TGBYpHPylA1lr9E4uHxo3bbZLVBUaebqSP51c0Po4H2UtYEFWIC\n+2yJTjpac6hY97VGzgptjcuJr0Dbyptpgw+vwPMlW9Bu6oaNjHyJhZ6pD0BkCuY6\nRvS/Y+xAYj/xH/ANay5Kv/KHG/EXAl9D+EqX8/cAGaVsOsqx8hMJOr133/0dOdFH\nw9CKmuSvEz0TgieAKfQg3pn8OGLtq10CggEAXpb6Q9tXHDZS8VHfWLKfxfIGk7vs\nitzmuw1E+6EFxOKqsdc/NWzxqYFOKT4dVbJLij8qvgnvvnlbp+PZHfuzVp97qqeg\nf7BWrk8SkNl1m9nIHT9vCWXnLDI8ptBS2sVGXu9zIMXmhzKKoMFnITuOqDlXuEcH\ngA3y3IQSTZ2hUDxgLwsIyDBW0H6cQxoJG5kXlfTgEXrlsyaEULppxd4TMmfrfO8J\n+VNEpm/9HEueSEk07vG0NmIMgL8xqQOtUsqrarWAI+FXVnVz7jyrtN7LDT8inq/n\nEAIgIX9Ss+HNbeVtWcyMR1miLO2XQ4VZWek6QFb2OFj9CPMGjRQ1UvyKlQ==\n-----END RSA PRIVATE KEY-----\n",
            "private_key_pem_pkcs8": "-----BEGIN PRIVATE KEY-----\nMIIJQQIBADANBgkqhkiG9w0BAQEFAASCCSswggknAgEAAoICAQC2EvQ8oi5MU2Gc\n9P8qrfKqQ4z5kVHfFygT5ft8tAd/WxvEq3vudePnH18sTcdaU6q4q7JS7+zyI6iV\nE6UCc1eGFT/M6RtxE8j6RdWCYrf+z7IutuGGfu6F9OMGaUMWCkiecGvoEaKL36si\nSFegTZgP5CAmTbzWuytBUHE9EaU96ZEtGEVa9iiHHraucYd4oElDS5X1mZ27aDRU\n6Efgdl803Jok5Oo3Ap6nN4ZeL9guXKPG7Wn+LN8UCy5jrnQe/S4W9C5mU0SUdzjV\nbNlp+6elxiI67ZHyFmvhh7+w69lMZQHQ5MmXTQ7tPB1nzqcTsrX8Cc8D7vIkZnsj\nEUTEU4KmwSIhb5MBXu+O+k2hGjHn0aAS28fFkgCbcyV+Nhr2r57GUj8BsNa5l6rj\nM2cZRALm3wInPlJ4BCw3LJaK21XsHKmx6692y2n7RM0b3ZGZgzJ67nMb9suLM9tX\n+7D8xgLLiUytzVb/MFxUZsKlo5/WG7geMMd3PJGwqRBC+TVu3Zsv6hkA1GjyzbsC\nWbVyRhz/b/eQs9UsjkGil4Px/IVMqR2AtnVSx/c8eus3fbQhr1fbFEC+KPgIOTZB\nUAD4Fq8IXu9R6kVXs0Z5/E8d4hnl2DaOtNzVYMfD3DCOHmWIdl4dmXSc1dNy6/zJ\nxPbuOUogwG8UhhM88E3vlGIhwFBurwIDAQABAoICACTHyWziOkYS5fomB9HgV9AL\nW1QjBg3yCJeUcuwrFgSlLAPbvGpciFBtJvW1NJtLoYYysRBOBWiYyXpsAH5xPHIK\notvLD08VdxkPuGThelfQLyd+rCpWQ+rtoFrwMqwmIatX/IRh45sr8M85G/J3GkvD\ngrcaJxadssw76tQyV1Ydc8VPTNtmNKOvEapFpt84SfR9NWrqwFFWaJPqZHK0luD/\n22eukp3QOqp+7fbi5WHgNvl9hlbhS6Mp6xIZ8L092eyrISBsm8L+Ho4GshjVzHUR\nhGKxETV9UAe8O34K9teW4/oF7a9R0r0b0rjgpyG0jUy/0oDx6RpvVVqtJ14dnJup\n0m8Ke4U7fZVI3AXOhszOweH5gaw/hg+RNq4ol7R4GtkSk8YsvkyKC+x8Q2xhc6nV\nyysP00NYIe9QllLjYA9FRdIyOXK2qJQfy25fTYs+KLGu+fQxZhzlRv7YD7LDAmec\nzczzQkZHSUU1OFK0ELA4BHmsTuKxkrS31mjV3cB3PCzABXIjr+aF59MRp7QYWzBn\nRKoWvwC6QuMuj1yEfHXDrxX6HAtKMzT16qjU6eRZg1q5Le0kisY1RtRFsvKnNXMp\naFQZUr1K/DhF3/Ic0kwqRYFz/kPW9FR9mxJwv4hZTwo02uRWNTtq47qnzKPFaokw\ndlKJAq4OjROSr9TOItcZAoIBAQDc2Hsb7ZAsvk1DhRp20W6Gu3BymIlLvvkmJ0F0\nIG9d3XqdkS03jCnl5p10TaUddnevyg5ok9ObPd/slfy1rcyakqRJ5Z0Ao2DK7RN5\n30EP30Tj8HnW4vVZVBAjx68yjh74JP11qLfykBMwbQ6qUI9iIbbLQ4QIgMrX6s5l\npK5sJ+grZNJv8EGLotEEViflpMQCvaF+C6Uj923sYb5PZ14Z9MKQytjESIKR1K9M\nGyCApN1oIEXZB9Bxa7SMdTycCl6tht/XPDn44N/XH32JjJ9ew0yWLVFG3EGVfFCz\nB/xZ8TNUdcVV7H2AFyPvHbqAip0H8A8WhrviVpZCjdudERBTAoIBAQDTDoU5R4Js\nyVhUWl7e//UTdeDcejWAtKDTavYEtmxUL3Q/MQj2laj1/1EX9C3iDobc+shk2aIU\n8iQ6uu793NKeW9NA1zHAz8roVegfF16p0UBfj4Iifma452HZrgoE0wGgJwRNQP7f\nScyQKbJY5z0eyG8noHjF72aW8KcjCH+HngPPmbS99iBQLy9GRkr5oYpK6+dLHSu7\n+dpMhwXBF5+L1gu4/h6zhZf9ySal1ilvDswo6f3wnAe/L4QcLnbPoGHcCUKSD+4b\nXG52KhOxyIYGBA7AbJNBzvp+jqX1KPf5jb0yi9eTNWpUV4zmZSGo9pzby5hUvm4y\nWwInZXvgFAy1AoIBAHZq6dA22Pj07a8HvwH5GJ/L/+ainfPsqeHoaLNg9PZK3QWC\nI9HGKW0p9EG5pJCgxlqPKJywr2VtjxVn80Jjt/MmMEujgEUoVa1Z4/iUWmmtWV4z\nwtETj2VfquvUlb+w7zA1fWbKmh/JW1C7GYL/gXKoC0EAqdp5XMrcD+H2pMQ/vcEO\n5bu6AxthqVv+6pO7fpLNpbtVeS5I7Tszyfz/uziFwpIrAoJ1MvYJKhnP7eStAj9k\nFq/h/cXjb8Nk1aQB93RqfroFhDxMMBpEu2a27Xm9lOJt2Ef7sHr8VrU40fpUWCaw\no6iID19QiScdNLTaHot0EFMO2c3qidWUBS86SBsCggEALqQv1texv/7C8WlDO/7O\nly1esvqi5j2EqRQjKCl0SSpvgyN/+pZaT3rL3gJNPX6+WQlmzbq2sfBNB1mWRS3O\nscZTKiokSZriGXQapvxQJDElC7k4Jg1PAB/KJQPsHOLQoibdMYFikc/KUDWWv0Ti\n4fGjdttktUFRp5upI/nVzQ+jgfZS1gQVYgL7bIlOOlpzqFj3tUbOCm2Ny4mvQNvK\nm2mDD6/A8yVb0G7qho2MfImFnqkPQGQK5jpG9L9j7EBiP/Ef8A1rLkq/8ocb8RcC\nX0P4Spfz9wAZpWw6yrHyEwk6vXff/R050UfD0Iqa5K8TPROCJ4Ap9CDemfw4Yu2r\nXQKCAQBelvpD21ccNlLxUd9Ysp/F8gaTu+yK3Oa7DUT7oQXE4qqx1z81bPGpgU4p\nPh1VskuKPyq+Ce++eVun49kd+7NWn3uqp6B/sFauTxKQ2XWb2cgdP28JZecsMjym\n0FLaxUZe73MgxeaHMoqgwWchO46oOVe4RweADfLchBJNnaFQPGAvCwjIMFbQfpxD\nGgkbmReV9OAReuWzJoRQumnF3hMyZ+t87wn5U0Smb/0cS55ISTTu8bQ2YgyAvzGp\nA61SyqtqtYAj4VdWdXPuPKu03ssNPyKer+cQAiAhf1Kz4c1t5W1ZzIxHWaIs7ZdD\nhVlZ6TpAVvY4WP0I8waNFDVS/IqV\n-----END PRIVATE KEY-----\n",
            "public_key_fingerprint_md5": "66:b5:21:e7:c7:06:7a:79:e8:aa:bb:5c:26:f5:82:16",
            "public_key_fingerprint_sha256": "SHA256:I+soQMvCChqJcL5LzC9dNf/hBSOCbsrFfkjqGS8/HUA",
            "public_key_openssh": "ssh-rsa AAAAB3NzaC1yc2EAAAADAQABAAACAQC2EvQ8oi5MU2Gc9P8qrfKqQ4z5kVHfFygT5ft8tAd/WxvEq3vudePnH18sTcdaU6q4q7JS7+zyI6iVE6UCc1eGFT/M6RtxE8j6RdWCYrf+z7IutuGGfu6F9OMGaUMWCkiecGvoEaKL36siSFegTZgP5CAmTbzWuytBUHE9EaU96ZEtGEVa9iiHHraucYd4oElDS5X1mZ27aDRU6Efgdl803Jok5Oo3Ap6nN4ZeL9guXKPG7Wn+LN8UCy5jrnQe/S4W9C5mU0SUdzjVbNlp+6elxiI67ZHyFmvhh7+w69lMZQHQ5MmXTQ7tPB1nzqcTsrX8Cc8D7vIkZnsjEUTEU4KmwSIhb5MBXu+O+k2hGjHn0aAS28fFkgCbcyV+Nhr2r57GUj8BsNa5l6rjM2cZRALm3wInPlJ4BCw3LJaK21XsHKmx6692y2n7RM0b3ZGZgzJ67nMb9suLM9tX+7D8xgLLiUytzVb/MFxUZsKlo5/WG7geMMd3PJGwqRBC+TVu3Zsv6hkA1GjyzbsCWbVyRhz/b/eQs9UsjkGil4Px/IVMqR2AtnVSx/c8eus3fbQhr1fbFEC+KPgIOTZBUAD4Fq8IXu9R6kVXs0Z5/E8d4hnl2DaOtNzVYMfD3DCOHmWIdl4dmXSc1dNy6/zJxPbuOUogwG8UhhM88E3vlGIhwFBurw==\n",
            "public_key_pem": "-----BEGIN PUBLIC KEY-----\nMIICIjANBgkqhkiG9w0BAQEFAAOCAg8AMIICCgKCAgEAthL0PKIuTFNhnPT/Kq3y\nqkOM+ZFR3xcoE+X7fLQHf1sbxKt77nXj5x9fLE3HWlOquKuyUu/s8iOolROlAnNX\nhhU/zOkbcRPI+kXVgmK3/s+yLrbhhn7uhfTjBmlDFgpInnBr6BGii9+rIkhXoE2Y\nD+QgJk281rsrQVBxPRGlPemRLRhFWvYohx62rnGHeKBJQ0uV9Zmdu2g0VOhH4HZf\nNNyaJOTqNwKepzeGXi/YLlyjxu1p/izfFAsuY650Hv0uFvQuZlNElHc41WzZafun\npcYiOu2R8hZr4Ye/sOvZTGUB0OTJl00O7TwdZ86nE7K1/AnPA+7yJGZ7IxFExFOC\npsEiIW+TAV7vjvpNoRox59GgEtvHxZIAm3MlfjYa9q+exlI/AbDWuZeq4zNnGUQC\n5t8CJz5SeAQsNyyWittV7Bypseuvdstp+0TNG92RmYMyeu5zG/bLizPbV/uw/MYC\ny4lMrc1W/zBcVGbCpaOf1hu4HjDHdzyRsKkQQvk1bt2bL+oZANRo8s27Alm1ckYc\n/2/3kLPVLI5BopeD8fyFTKkdgLZ1Usf3PHrrN320Ia9X2xRAvij4CDk2QVAA+Bav\nCF7vUepFV7NGefxPHeIZ5dg2jrTc1WDHw9wwjh5liHZeHZl0nNXTcuv8ycT27jlK\nIMBvFIYTPPBN75RiIcBQbq8CAwEAAQ==\n-----END PUBLIC KEY-----\n",
            "rsa_bits": 4096
          },
          "sensitive_attributes": []
        }
      ]
    }
  ]
}
